// !$*UTF8*$!
{
	archiveVersion = 1;
	classes = {
	};
	objectVersion = 56;
	objects = {

/* Begin PBXBuildFile section */
		0C074B382B31AFCA0019DE2A /* NANO2App.swift in Sources */ = {isa = PBXBuildFile; fileRef = 0C074B372B31AFCA0019DE2A /* NANO2App.swift */; };
		0C074B3A2B31AFCA0019DE2A /* ContentView.swift in Sources */ = {isa = PBXBuildFile; fileRef = 0C074B392B31AFCA0019DE2A /* ContentView.swift */; };
		0C074B3C2B31AFCB0019DE2A /* Assets.xcassets in Resources */ = {isa = PBXBuildFile; fileRef = 0C074B3B2B31AFCB0019DE2A /* Assets.xcassets */; };
		0C074B3F2B31AFCB0019DE2A /* Preview Assets.xcassets in Resources */ = {isa = PBXBuildFile; fileRef = 0C074B3E2B31AFCB0019DE2A /* Preview Assets.xcassets */; };
		0C074B412B31AFCB0019DE2A /* Persistence.swift in Sources */ = {isa = PBXBuildFile; fileRef = 0C074B402B31AFCB0019DE2A /* Persistence.swift */; };
		0C074B442B31AFCB0019DE2A /* NANO2.xcdatamodeld in Sources */ = {isa = PBXBuildFile; fileRef = 0C074B422B31AFCB0019DE2A /* NANO2.xcdatamodeld */; };
		2910E0AA2B345B7500B0E8D2 /* landingpage.swift in Sources */ = {isa = PBXBuildFile; fileRef = 2910E0A92B345B7500B0E8D2 /* landingpage.swift */; };
		29530B692B346EE300F3B33D /* rectangleView.swift in Sources */ = {isa = PBXBuildFile; fileRef = 29530B682B346EE300F3B33D /* rectangleView.swift */; };
/* End PBXBuildFile section */

/* Begin PBXFileReference section */
		0C074B342B31AFCA0019DE2A /* NANO2.app */ = {isa = PBXFileReference; explicitFileType = wrapper.application; includeInIndex = 0; path = NANO2.app; sourceTree = BUILT_PRODUCTS_DIR; };
		0C074B372B31AFCA0019DE2A /* NANO2App.swift */ = {isa = PBXFileReference; lastKnownFileType = sourcecode.swift; path = NANO2App.swift; sourceTree = "<group>"; };
		0C074B392B31AFCA0019DE2A /* ContentView.swift */ = {isa = PBXFileReference; lastKnownFileType = sourcecode.swift; path = ContentView.swift; sourceTree = "<group>"; };
		0C074B3B2B31AFCB0019DE2A /* Assets.xcassets */ = {isa = PBXFileReference; lastKnownFileType = folder.assetcatalog; path = Assets.xcassets; sourceTree = "<group>"; };
		0C074B3E2B31AFCB0019DE2A /* Preview Assets.xcassets */ = {isa = PBXFileReference; lastKnownFileType = folder.assetcatalog; path = "Preview Assets.xcassets"; sourceTree = "<group>"; };
		0C074B402B31AFCB0019DE2A /* Persistence.swift */ = {isa = PBXFileReference; lastKnownFileType = sourcecode.swift; path = Persistence.swift; sourceTree = "<group>"; };
		0C074B432B31AFCB0019DE2A /* NANO2.xcdatamodel */ = {isa = PBXFileReference; lastKnownFileType = wrapper.xcdatamodel; path = NANO2.xcdatamodel; sourceTree = "<group>"; };
		2910E0A92B345B7500B0E8D2 /* landingpage.swift */ = {isa = PBXFileReference; lastKnownFileType = sourcecode.swift; path = landingpage.swift; sourceTree = "<group>"; };
		29530B682B346EE300F3B33D /* rectangleView.swift */ = {isa = PBXFileReference; lastKnownFileType = sourcecode.swift; path = rectangleView.swift; sourceTree = "<group>"; };
/* End PBXFileReference section */

/* Begin PBXFrameworksBuildPhase section */
		0C074B312B31AFCA0019DE2A /* Frameworks */ = {
			isa = PBXFrameworksBuildPhase;
			buildActionMask = 2147483647;
			files = (
			);
			runOnlyForDeploymentPostprocessing = 0;
		};
/* End PBXFrameworksBuildPhase section */

/* Begin PBXGroup section */
		0C074B2B2B31AFCA0019DE2A = {
			isa = PBXGroup;
			children = (
				0C074B362B31AFCA0019DE2A /* NANO2 */,
				0C074B352B31AFCA0019DE2A /* Products */,
			);
			sourceTree = "<group>";
		};
		0C074B352B31AFCA0019DE2A /* Products */ = {
			isa = PBXGroup;
			children = (
				0C074B342B31AFCA0019DE2A /* NANO2.app */,
			);
			name = Products;
			sourceTree = "<group>";
		};
		0C074B362B31AFCA0019DE2A /* NANO2 */ = {
			isa = PBXGroup;
			children = (
				0C074B372B31AFCA0019DE2A /* NANO2App.swift */,
				0C074B392B31AFCA0019DE2A /* ContentView.swift */,
				0C074B3B2B31AFCB0019DE2A /* Assets.xcassets */,
				0C074B402B31AFCB0019DE2A /* Persistence.swift */,
				0C074B422B31AFCB0019DE2A /* NANO2.xcdatamodeld */,
				0C074B3D2B31AFCB0019DE2A /* Preview Content */,
				2910E0A92B345B7500B0E8D2 /* landingpage.swift */,
				29530B682B346EE300F3B33D /* rectangleView.swift */,
			);
			path = NANO2;
			sourceTree = "<group>";
		};
		0C074B3D2B31AFCB0019DE2A /* Preview Content */ = {
			isa = PBXGroup;
			children = (
				0C074B3E2B31AFCB0019DE2A /* Preview Assets.xcassets */,
			);
			path = "Preview Content";
			sourceTree = "<group>";
		};
/* End PBXGroup section */

/* Begin PBXNativeTarget section */
		0C074B332B31AFCA0019DE2A /* NANO2 */ = {
			isa = PBXNativeTarget;
			buildConfigurationList = 0C074B472B31AFCB0019DE2A /* Build configuration list for PBXNativeTarget "NANO2" */;
			buildPhases = (
				0C074B302B31AFCA0019DE2A /* Sources */,
				0C074B312B31AFCA0019DE2A /* Frameworks */,
				0C074B322B31AFCA0019DE2A /* Resources */,
			);
			buildRules = (
			);
			dependencies = (
			);
			name = NANO2;
			productName = NANO2;
			productReference = 0C074B342B31AFCA0019DE2A /* NANO2.app */;
			productType = "com.apple.product-type.application";
		};
/* End PBXNativeTarget section */

/* Begin PBXProject section */
		0C074B2C2B31AFCA0019DE2A /* Project object */ = {
			isa = PBXProject;
			attributes = {
				BuildIndependentTargetsInParallel = 1;
				LastSwiftUpdateCheck = 1500;
				LastUpgradeCheck = 1500;
				TargetAttributes = {
					0C074B332B31AFCA0019DE2A = {
						CreatedOnToolsVersion = 15.0;
					};
				};
			};
			buildConfigurationList = 0C074B2F2B31AFCA0019DE2A /* Build configuration list for PBXProject "NANO2" */;
			compatibilityVersion = "Xcode 14.0";
			developmentRegion = en;
			hasScannedForEncodings = 0;
			knownRegions = (
				en,
				Base,
			);
			mainGroup = 0C074B2B2B31AFCA0019DE2A;
			productRefGroup = 0C074B352B31AFCA0019DE2A /* Products */;
			projectDirPath = "";
			projectRoot = "";
			targets = (
				0C074B332B31AFCA0019DE2A /* NANO2 */,
			);
		};
/* End PBXProject section */

/* Begin PBXResourcesBuildPhase section */
		0C074B322B31AFCA0019DE2A /* Resources */ = {
			isa = PBXResourcesBuildPhase;
			buildActionMask = 2147483647;
			files = (
				0C074B3F2B31AFCB0019DE2A /* Preview Assets.xcassets in Resources */,
				0C074B3C2B31AFCB0019DE2A /* Assets.xcassets in Resources */,
			);
			runOnlyForDeploymentPostprocessing = 0;
		};
/* End PBXResourcesBuildPhase section */

/* Begin PBXSourcesBuildPhase section */
		0C074B302B31AFCA0019DE2A /* Sources */ = {
			isa = PBXSourcesBuildPhase;
			buildActionMask = 2147483647;
			files = (
				0C074B442B31AFCB0019DE2A /* NANO2.xcdatamodeld in Sources */,
				0C074B412B31AFCB0019DE2A /* Persistence.swift in Sources */,
				0C074B3A2B31AFCA0019DE2A /* ContentView.swift in Sources */,
				0C074B382B31AFCA0019DE2A /* NANO2App.swift in Sources */,
				29530B692B346EE300F3B33D /* rectangleView.swift in Sources */,
				2910E0AA2B345B7500B0E8D2 /* landingpage.swift in Sources */,
			);
			runOnlyForDeploymentPostprocessing = 0;
		};
/* End PBXSourcesBuildPhase section */

/* Begin XCBuildConfiguration section */
		0C074B452B31AFCB0019DE2A /* Debug */ = {
			isa = XCBuildConfiguration;
			buildSettings = {
				ALWAYS_SEARCH_USER_PATHS = NO;
				ASSETCATALOG_COMPILER_GENERATE_SWIFT_ASSET_SYMBOL_EXTENSIONS = YES;
				CLANG_ANALYZER_NONNULL = YES;
				CLANG_ANALYZER_NUMBER_OBJECT_CONVERSION = YES_AGGRESSIVE;
				CLANG_CXX_LANGUAGE_STANDARD = "gnu++20";
				CLANG_ENABLE_MODULES = YES;
				CLANG_ENABLE_OBJC_ARC = YES;
				CLANG_ENABLE_OBJC_WEAK = YES;
				CLANG_WARN_BLOCK_CAPTURE_AUTORELEASING = YES;
				CLANG_WARN_BOOL_CONVERSION = YES;
				CLANG_WARN_COMMA = YES;
				CLANG_WARN_CONSTANT_CONVERSION = YES;
				CLANG_WARN_DEPRECATED_OBJC_IMPLEMENTATIONS = YES;
				CLANG_WARN_DIRECT_OBJC_ISA_USAGE = YES_ERROR;
				CLANG_WARN_DOCUMENTATION_COMMENTS = YES;
				CLANG_WARN_EMPTY_BODY = YES;
				CLANG_WARN_ENUM_CONVERSION = YES;
				CLANG_WARN_INFINITE_RECURSION = YES;
				CLANG_WARN_INT_CONVERSION = YES;
				CLANG_WARN_NON_LITERAL_NULL_CONVERSION = YES;
				CLANG_WARN_OBJC_IMPLICIT_RETAIN_SELF = YES;
				CLANG_WARN_OBJC_LITERAL_CONVERSION = YES;
				CLANG_WARN_OBJC_ROOT_CLASS = YES_ERROR;
				CLANG_WARN_QUOTED_INCLUDE_IN_FRAMEWORK_HEADER = YES;
				CLANG_WARN_RANGE_LOOP_ANALYSIS = YES;
				CLANG_WARN_STRICT_PROTOTYPES = YES;
				CLANG_WARN_SUSPICIOUS_MOVE = YES;
				CLANG_WARN_UNGUARDED_AVAILABILITY = YES_AGGRESSIVE;
				CLANG_WARN_UNREACHABLE_CODE = YES;
				CLANG_WARN__DUPLICATE_METHOD_MATCH = YES;
				COPY_PHASE_STRIP = NO;
				DEBUG_INFORMATION_FORMAT = dwarf;
				ENABLE_STRICT_OBJC_MSGSEND = YES;
				ENABLE_TESTABILITY = YES;
				ENABLE_USER_SCRIPT_SANDBOXING = YES;
				GCC_C_LANGUAGE_STANDARD = gnu17;
				GCC_DYNAMIC_NO_PIC = NO;
				GCC_NO_COMMON_BLOCKS = YES;
				GCC_OPTIMIZATION_LEVEL = 0;
				GCC_PREPROCESSOR_DEFINITIONS = (
					"DEBUG=1",
					"$(inherited)",
				);
				GCC_WARN_64_TO_32_BIT_CONVERSION = YES;
				GCC_WARN_ABOUT_RETURN_TYPE = YES_ERROR;
				GCC_WARN_UNDECLARED_SELECTOR = YES;
				GCC_WARN_UNINITIALIZED_AUTOS = YES_AGGRESSIVE;
				GCC_WARN_UNUSED_FUNCTION = YES;
				GCC_WARN_UNUSED_VARIABLE = YES;
				IPHONEOS_DEPLOYMENT_TARGET = 17.0;
				LOCALIZATION_PREFERS_STRING_CATALOGS = YES;
				MTL_ENABLE_DEBUG_INFO = INCLUDE_SOURCE;
				MTL_FAST_MATH = YES;
				ONLY_ACTIVE_ARCH = YES;
				SDKROOT = iphoneos;
				SWIFT_ACTIVE_COMPILATION_CONDITIONS = "DEBUG $(inherited)";
				SWIFT_OPTIMIZATION_LEVEL = "-Onone";
			};
			name = Debug;
		};
		0C074B462B31AFCB0019DE2A /* Release */ = {
			isa = XCBuildConfiguration;
			buildSettings = {
				ALWAYS_SEARCH_USER_PATHS = NO;
				ASSETCATALOG_COMPILER_GENERATE_SWIFT_ASSET_SYMBOL_EXTENSIONS = YES;
				CLANG_ANALYZER_NONNULL = YES;
				CLANG_ANALYZER_NUMBER_OBJECT_CONVERSION = YES_AGGRESSIVE;
				CLANG_CXX_LANGUAGE_STANDARD = "gnu++20";
				CLANG_ENABLE_MODULES = YES;
				CLANG_ENABLE_OBJC_ARC = YES;
				CLANG_ENABLE_OBJC_WEAK = YES;
				CLANG_WARN_BLOCK_CAPTURE_AUTORELEASING = YES;
				CLANG_WARN_BOOL_CONVERSION = YES;
				CLANG_WARN_COMMA = YES;
				CLANG_WARN_CONSTANT_CONVERSION = YES;
				CLANG_WARN_DEPRECATED_OBJC_IMPLEMENTATIONS = YES;
				CLANG_WARN_DIRECT_OBJC_ISA_USAGE = YES_ERROR;
				CLANG_WARN_DOCUMENTATION_COMMENTS = YES;
				CLANG_WARN_EMPTY_BODY = YES;
				CLANG_WARN_ENUM_CONVERSION = YES;
				CLANG_WARN_INFINITE_RECURSION = YES;
				CLANG_WARN_INT_CONVERSION = YES;
				CLANG_WARN_NON_LITERAL_NULL_CONVERSION = YES;
				CLANG_WARN_OBJC_IMPLICIT_RETAIN_SELF = YES;
				CLANG_WARN_OBJC_LITERAL_CONVERSION = YES;
				CLANG_WARN_OBJC_ROOT_CLASS = YES_ERROR;
				CLANG_WARN_QUOTED_INCLUDE_IN_FRAMEWORK_HEADER = YES;
				CLANG_WARN_RANGE_LOOP_ANALYSIS = YES;
				CLANG_WARN_STRICT_PROTOTYPES = YES;
				CLANG_WARN_SUSPICIOUS_MOVE = YES;
				CLANG_WARN_UNGUARDED_AVAILABILITY = YES_AGGRESSIVE;
				CLANG_WARN_UNREACHABLE_CODE = YES;
				CLANG_WARN__DUPLICATE_METHOD_MATCH = YES;
				COPY_PHASE_STRIP = NO;
				DEBUG_INFORMATION_FORMAT = "dwarf-with-dsym";
				ENABLE_NS_ASSERTIONS = NO;
				ENABLE_STRICT_OBJC_MSGSEND = YES;
				ENABLE_USER_SCRIPT_SANDBOXING = YES;
				GCC_C_LANGUAGE_STANDARD = gnu17;
				GCC_NO_COMMON_BLOCKS = YES;
				GCC_WARN_64_TO_32_BIT_CONVERSION = YES;
				GCC_WARN_ABOUT_RETURN_TYPE = YES_ERROR;
				GCC_WARN_UNDECLARED_SELECTOR = YES;
				GCC_WARN_UNINITIALIZED_AUTOS = YES_AGGRESSIVE;
				GCC_WARN_UNUSED_FUNCTION = YES;
				GCC_WARN_UNUSED_VARIABLE = YES;
				IPHONEOS_DEPLOYMENT_TARGET = 17.0;
				LOCALIZATION_PREFERS_STRING_CATALOGS = YES;
				MTL_ENABLE_DEBUG_INFO = NO;
				MTL_FAST_MATH = YES;
				SDKROOT = iphoneos;
				SWIFT_COMPILATION_MODE = wholemodule;
				VALIDATE_PRODUCT = YES;
			};
			name = Release;
		};
		0C074B482B31AFCB0019DE2A /* Debug */ = {
			isa = XCBuildConfiguration;
			buildSettings = {
				ASSETCATALOG_COMPILER_APPICON_NAME = AppIcon;
				ASSETCATALOG_COMPILER_GLOBAL_ACCENT_COLOR_NAME = AccentColor;
				CODE_SIGN_STYLE = Automatic;
				CURRENT_PROJECT_VERSION = 1;
				DEVELOPMENT_ASSET_PATHS = "\"NANO2/Preview Content\"";
				ENABLE_PREVIEWS = YES;
				GENERATE_INFOPLIST_FILE = YES;
				INFOPLIST_KEY_UIApplicationSceneManifest_Generation = YES;
				INFOPLIST_KEY_UIApplicationSupportsIndirectInputEvents = YES;
				INFOPLIST_KEY_UILaunchScreen_Generation = YES;
				INFOPLIST_KEY_UISupportedInterfaceOrientations_iPad = "UIInterfaceOrientationPortrait UIInterfaceOrientationPortraitUpsideDown UIInterfaceOrientationLandscapeLeft UIInterfaceOrientationLandscapeRight";
				INFOPLIST_KEY_UISupportedInterfaceOrientations_iPhone = "UIInterfaceOrientationPortrait UIInterfaceOrientationLandscapeLeft UIInterfaceOrientationLandscapeRight";
				LD_RUNPATH_SEARCH_PATHS = (
					"$(inherited)",
					"@executable_path/Frameworks",
				);
				MARKETING_VERSION = 1.0;
				PRODUCT_BUNDLE_IDENTIFIER = Razan.NANO2;
				PRODUCT_NAME = "$(TARGET_NAME)";
				SWIFT_EMIT_LOC_STRINGS = YES;
				SWIFT_VERSION = 5.0;
				TARGETED_DEVICE_FAMILY = "1,2";
			};
			name = Debug;
		};
		0C074B492B31AFCB0019DE2A /* Release */ = {
			isa = XCBuildConfiguration;
			buildSettings = {
				ASSETCATALOG_COMPILER_APPICON_NAME = AppIcon;
				ASSETCATALOG_COMPILER_GLOBAL_ACCENT_COLOR_NAME = AccentColor;
				CODE_SIGN_STYLE = Automatic;
				CURRENT_PROJECT_VERSION = 1;
				DEVELOPMENT_ASSET_PATHS = "\"NANO2/Preview Content\"";
				ENABLE_PREVIEWS = YES;
				GENERATE_INFOPLIST_FILE = YES;
				INFOPLIST_KEY_UIApplicationSceneManifest_Generation = YES;
				INFOPLIST_KEY_UIApplicationSupportsIndirectInputEvents = YES;
				INFOPLIST_KEY_UILaunchScreen_Generation = YES;
				INFOPLIST_KEY_UISupportedInterfaceOrientations_iPad = "UIInterfaceOrientationPortrait UIInterfaceOrientationPortraitUpsideDown UIInterfaceOrientationLandscapeLeft UIInterfaceOrientationLandscapeRight";
				INFOPLIST_KEY_UISupportedInterfaceOrientations_iPhone = "UIInterfaceOrientationPortrait UIInterfaceOrientationLandscapeLeft UIInterfaceOrientationLandscapeRight";
				LD_RUNPATH_SEARCH_PATHS = (
					"$(inherited)",
					"@executable_path/Frameworks",
				);
				MARKETING_VERSION = 1.0;
				PRODUCT_BUNDLE_IDENTIFIER = Razan.NANO2;
				PRODUCT_NAME = "$(TARGET_NAME)";
				SWIFT_EMIT_LOC_STRINGS = YES;
				SWIFT_VERSION = 5.0;
				TARGETED_DEVICE_FAMILY = "1,2";
			};
			name = Release;
		};
/* End XCBuildConfiguration section */

/* Begin XCConfigurationList section */
		0C074B2F2B31AFCA0019DE2A /* Build configuration list for PBXProject "NANO2" */ = {
			isa = XCConfigurationList;
			buildConfigurations = (
				0C074B452B31AFCB0019DE2A /* Debug */,
				0C074B462B31AFCB0019DE2A /* Release */,
			);
			defaultConfigurationIsVisible = 0;
			defaultConfigurationName = Release;
		};
		0C074B472B31AFCB0019DE2A /* Build configuration list for PBXNativeTarget "NANO2" */ = {
			isa = XCConfigurationList;
			buildConfigurations = (
				0C074B482B31AFCB0019DE2A /* Debug */,
				0C074B492B31AFCB0019DE2A /* Release */,
			);
			defaultConfigurationIsVisible = 0;
			defaultConfigurationName = Release;
		};
/* End XCConfigurationList section */

/* Begin XCVersionGroup section */
		0C074B422B31AFCB0019DE2A /* NANO2.xcdatamodeld */ = {
			isa = XCVersionGroup;
			children = (
				0C074B432B31AFCB0019DE2A /* NANO2.xcdatamodel */,
			);
			currentVersion = 0C074B432B31AFCB0019DE2A /* NANO2.xcdatamodel */;
			path = NANO2.xcdatamodeld;
			sourceTree = "<group>";
			versionGroupType = wrapper.xcdatamodel;
		};
/* End XCVersionGroup section */
	};
	rootObject = 0C074B2C2B31AFCA0019DE2A /* Project object */;
}
